
Microsoft Visual Studio Solution File, Format Version 12.00
# Visual Studio Version 16
VisualStudioVersion = 16.0.29709.97
MinimumVisualStudioVersion = 10.0.40219.1
Project("{FAE04EC0-301F-11D3-BF4B-00C04F79EFBC}") = "Ants", "Ants\Ants.csproj", "{486B3D82-C648-4BB0-AE3E-3FFA86A7193C}"
EndProject
Global
	GlobalSection(SolutionConfigurationPlatforms) = preSolution
		Debug|Any CPU = Debug|Any CPU
		Release|Any CPU = Release|Any CPU
	EndGlobalSection
	GlobalSection(ProjectConfigurationPlatforms) = postSolution
		{486B3D82-C648-4BB0-AE3E-3FFA86A7193C}.Debug|Any CPU.ActiveCfg = Debug|Any CPU
		{486B3D82-C648-4BB0-AE3E-3FFA86A7193C}.Debug|Any CPU.Build.0 = Debug|Any CPU
		{486B3D82-C648-4BB0-AE3E-3FFA86A7193C}.Release|Any CPU.ActiveCfg = Release|Any CPU
		{486B3D82-C648-4BB0-AE3E-3FFA86A7193C}.Release|Any CPU.Build.0 = Release|Any CPU
	EndGlobalSection
	GlobalSection(SolutionProperties) = preSolution
		HideSolutionNode = FALSE
	EndGlobalSection
	GlobalSection(ExtensibilityGlobals) = postSolution
		SolutionGuid = {1D57FB5D-FD37-4110-98BE-271D62F34FC7}
	EndGlobalSection
EndGlobal
